// !$*UTF8*$!
{
	archiveVersion = 1;
	classes = {
	};
	objectVersion = 56;
	objects = {

/* Begin PBXBuildFile section */
		36A5CFA529CF9F2F0024E2A0 /* ScrumBuddyApp.swift in Sources */ = {isa = PBXBuildFile; fileRef = 36A5CFA429CF9F2F0024E2A0 /* ScrumBuddyApp.swift */; };
		36A5CFA729CF9F2F0024E2A0 /* MeetingView.swift in Sources */ = {isa = PBXBuildFile; fileRef = 36A5CFA629CF9F2F0024E2A0 /* MeetingView.swift */; };
		36A5CFA929CF9F300024E2A0 /* Assets.xcassets in Resources */ = {isa = PBXBuildFile; fileRef = 36A5CFA829CF9F300024E2A0 /* Assets.xcassets */; };
		36A5CFAC29CF9F300024E2A0 /* Preview Assets.xcassets in Resources */ = {isa = PBXBuildFile; fileRef = 36A5CFAB29CF9F300024E2A0 /* Preview Assets.xcassets */; };
		36A5CFB429CFA2A50024E2A0 /* Theme.swift in Sources */ = {isa = PBXBuildFile; fileRef = 36A5CFB329CFA2A50024E2A0 /* Theme.swift */; };
		36A5CFB629CFA38C0024E2A0 /* DailyScrum.swift in Sources */ = {isa = PBXBuildFile; fileRef = 36A5CFB529CFA38C0024E2A0 /* DailyScrum.swift */; };
		36A5CFB829CFA4550024E2A0 /* CardView.swift in Sources */ = {isa = PBXBuildFile; fileRef = 36A5CFB729CFA4550024E2A0 /* CardView.swift */; };
		36A5CFBA29CFA5D00024E2A0 /* TrailingIconLabelStyle.swift in Sources */ = {isa = PBXBuildFile; fileRef = 36A5CFB929CFA5D00024E2A0 /* TrailingIconLabelStyle.swift */; };
		36A5CFBC29CFB7E50024E2A0 /* ScrumsView.swift in Sources */ = {isa = PBXBuildFile; fileRef = 36A5CFBB29CFB7E50024E2A0 /* ScrumsView.swift */; };
		36A5CFBE29CFBED10024E2A0 /* DetailView.swift in Sources */ = {isa = PBXBuildFile; fileRef = 36A5CFBD29CFBED10024E2A0 /* DetailView.swift */; };
		36A5CFC129CFC64E0024E2A0 /* DetailEditView.swift in Sources */ = {isa = PBXBuildFile; fileRef = 36A5CFC029CFC64E0024E2A0 /* DetailEditView.swift */; };
		36A5CFC329CFCCB30024E2A0 /* ThemeView.swift in Sources */ = {isa = PBXBuildFile; fileRef = 36A5CFC229CFCCB30024E2A0 /* ThemeView.swift */; };
		36A5CFC529CFCD9D0024E2A0 /* ThemePicker.swift in Sources */ = {isa = PBXBuildFile; fileRef = 36A5CFC429CFCD9D0024E2A0 /* ThemePicker.swift */; };
		36A5CFC729CFD7E00024E2A0 /* MeetingHeaderView.swift in Sources */ = {isa = PBXBuildFile; fileRef = 36A5CFC629CFD7E00024E2A0 /* MeetingHeaderView.swift */; };
		36A5CFC929CFD9840024E2A0 /* ScrumProgressViewStyle.swift in Sources */ = {isa = PBXBuildFile; fileRef = 36A5CFC829CFD9840024E2A0 /* ScrumProgressViewStyle.swift */; };
		36A5CFCB29CFDA1E0024E2A0 /* ScrumTimer.swift in Sources */ = {isa = PBXBuildFile; fileRef = 36A5CFCA29CFDA1E0024E2A0 /* ScrumTimer.swift */; };
		36A5CFCD29CFDB2B0024E2A0 /* MeetingFooterView.swift in Sources */ = {isa = PBXBuildFile; fileRef = 36A5CFCC29CFDB2B0024E2A0 /* MeetingFooterView.swift */; };
		36A5CFCF29CFE0890024E2A0 /* AVPlayer+Ding.swift in Sources */ = {isa = PBXBuildFile; fileRef = 36A5CFCE29CFE0890024E2A0 /* AVPlayer+Ding.swift */; };
		36A5CFD229CFE0B90024E2A0 /* ding.wav in Resources */ = {isa = PBXBuildFile; fileRef = 36A5CFD129CFE0B90024E2A0 /* ding.wav */; };
/* End PBXBuildFile section */

/* Begin PBXFileReference section */
		36A5CFA129CF9F2F0024E2A0 /* ScrumBuddy.app */ = {isa = PBXFileReference; explicitFileType = wrapper.application; includeInIndex = 0; path = ScrumBuddy.app; sourceTree = BUILT_PRODUCTS_DIR; };
		36A5CFA429CF9F2F0024E2A0 /* ScrumBuddyApp.swift */ = {isa = PBXFileReference; lastKnownFileType = sourcecode.swift; path = ScrumBuddyApp.swift; sourceTree = "<group>"; };
		36A5CFA629CF9F2F0024E2A0 /* MeetingView.swift */ = {isa = PBXFileReference; lastKnownFileType = sourcecode.swift; path = MeetingView.swift; sourceTree = "<group>"; };
		36A5CFA829CF9F300024E2A0 /* Assets.xcassets */ = {isa = PBXFileReference; lastKnownFileType = folder.assetcatalog; path = Assets.xcassets; sourceTree = "<group>"; };
		36A5CFAB29CF9F300024E2A0 /* Preview Assets.xcassets */ = {isa = PBXFileReference; lastKnownFileType = folder.assetcatalog; path = "Preview Assets.xcassets"; sourceTree = "<group>"; };
		36A5CFB329CFA2A50024E2A0 /* Theme.swift */ = {isa = PBXFileReference; lastKnownFileType = sourcecode.swift; path = Theme.swift; sourceTree = "<group>"; };
		36A5CFB529CFA38C0024E2A0 /* DailyScrum.swift */ = {isa = PBXFileReference; lastKnownFileType = sourcecode.swift; path = DailyScrum.swift; sourceTree = "<group>"; };
		36A5CFB729CFA4550024E2A0 /* CardView.swift */ = {isa = PBXFileReference; lastKnownFileType = sourcecode.swift; path = CardView.swift; sourceTree = "<group>"; };
		36A5CFB929CFA5D00024E2A0 /* TrailingIconLabelStyle.swift */ = {isa = PBXFileReference; lastKnownFileType = sourcecode.swift; path = TrailingIconLabelStyle.swift; sourceTree = "<group>"; };
		36A5CFBB29CFB7E50024E2A0 /* ScrumsView.swift */ = {isa = PBXFileReference; lastKnownFileType = sourcecode.swift; path = ScrumsView.swift; sourceTree = "<group>"; };
		36A5CFBD29CFBED10024E2A0 /* DetailView.swift */ = {isa = PBXFileReference; lastKnownFileType = sourcecode.swift; path = DetailView.swift; sourceTree = "<group>"; };
		36A5CFC029CFC64E0024E2A0 /* DetailEditView.swift */ = {isa = PBXFileReference; lastKnownFileType = sourcecode.swift; path = DetailEditView.swift; sourceTree = "<group>"; };
		36A5CFC229CFCCB30024E2A0 /* ThemeView.swift */ = {isa = PBXFileReference; lastKnownFileType = sourcecode.swift; path = ThemeView.swift; sourceTree = "<group>"; };
		36A5CFC429CFCD9D0024E2A0 /* ThemePicker.swift */ = {isa = PBXFileReference; lastKnownFileType = sourcecode.swift; path = ThemePicker.swift; sourceTree = "<group>"; };
		36A5CFC629CFD7E00024E2A0 /* MeetingHeaderView.swift */ = {isa = PBXFileReference; lastKnownFileType = sourcecode.swift; path = MeetingHeaderView.swift; sourceTree = "<group>"; };
		36A5CFC829CFD9840024E2A0 /* ScrumProgressViewStyle.swift */ = {isa = PBXFileReference; lastKnownFileType = sourcecode.swift; path = ScrumProgressViewStyle.swift; sourceTree = "<group>"; };
		36A5CFCA29CFDA1E0024E2A0 /* ScrumTimer.swift */ = {isa = PBXFileReference; lastKnownFileType = sourcecode.swift; path = ScrumTimer.swift; sourceTree = "<group>"; };
		36A5CFCC29CFDB2B0024E2A0 /* MeetingFooterView.swift */ = {isa = PBXFileReference; lastKnownFileType = sourcecode.swift; path = MeetingFooterView.swift; sourceTree = "<group>"; };
		36A5CFCE29CFE0890024E2A0 /* AVPlayer+Ding.swift */ = {isa = PBXFileReference; fileEncoding = 4; lastKnownFileType = sourcecode.swift; path = "AVPlayer+Ding.swift"; sourceTree = "<group>"; };
		36A5CFD129CFE0B90024E2A0 /* ding.wav */ = {isa = PBXFileReference; lastKnownFileType = audio.wav; path = ding.wav; sourceTree = "<group>"; };
/* End PBXFileReference section */

/* Begin PBXFrameworksBuildPhase section */
		36A5CF9E29CF9F2F0024E2A0 /* Frameworks */ = {
			isa = PBXFrameworksBuildPhase;
			buildActionMask = 2147483647;
			files = (
			);
			runOnlyForDeploymentPostprocessing = 0;
		};
/* End PBXFrameworksBuildPhase section */

/* Begin PBXGroup section */
		36A5CF9829CF9F2F0024E2A0 = {
			isa = PBXGroup;
			children = (
				36A5CFA329CF9F2F0024E2A0 /* ScrumBuddy */,
				36A5CFA229CF9F2F0024E2A0 /* Products */,
			);
			sourceTree = "<group>";
		};
		36A5CFA229CF9F2F0024E2A0 /* Products */ = {
			isa = PBXGroup;
			children = (
				36A5CFA129CF9F2F0024E2A0 /* ScrumBuddy.app */,
			);
			name = Products;
			sourceTree = "<group>";
		};
		36A5CFA329CF9F2F0024E2A0 /* ScrumBuddy */ = {
			isa = PBXGroup;
			children = (
				36A5CFB229CFA2930024E2A0 /* Models */,
				36A5CFA629CF9F2F0024E2A0 /* MeetingView.swift */,
				36A5CFBD29CFBED10024E2A0 /* DetailView.swift */,
				36A5CFBB29CFB7E50024E2A0 /* ScrumsView.swift */,
				36A5CFB729CFA4550024E2A0 /* CardView.swift */,
				36A5CFC029CFC64E0024E2A0 /* DetailEditView.swift */,
				36A5CFC229CFCCB30024E2A0 /* ThemeView.swift */,
				36A5CFC429CFCD9D0024E2A0 /* ThemePicker.swift */,
				36A5CFC629CFD7E00024E2A0 /* MeetingHeaderView.swift */,
				36A5CFC829CFD9840024E2A0 /* ScrumProgressViewStyle.swift */,
				36A5CFCC29CFDB2B0024E2A0 /* MeetingFooterView.swift */,
				36A5CFD029CFE0AB0024E2A0 /* Resources */,
				36A5CFBF29CFBF670024E2A0 /* Views */,
				36A5CFA429CF9F2F0024E2A0 /* ScrumBuddyApp.swift */,
				36A5CFB929CFA5D00024E2A0 /* TrailingIconLabelStyle.swift */,
				36A5CFA829CF9F300024E2A0 /* Assets.xcassets */,
				36A5CFAA29CF9F300024E2A0 /* Preview Content */,
			);
			path = ScrumBuddy;
			sourceTree = "<group>";
		};
		36A5CFAA29CF9F300024E2A0 /* Preview Content */ = {
			isa = PBXGroup;
			children = (
				36A5CFAB29CF9F300024E2A0 /* Preview Assets.xcassets */,
			);
			path = "Preview Content";
			sourceTree = "<group>";
		};
		36A5CFB229CFA2930024E2A0 /* Models */ = {
			isa = PBXGroup;
			children = (
				36A5CFCE29CFE0890024E2A0 /* AVPlayer+Ding.swift */,
				36A5CFB529CFA38C0024E2A0 /* DailyScrum.swift */,
				36A5CFCA29CFDA1E0024E2A0 /* ScrumTimer.swift */,
				36A5CFB329CFA2A50024E2A0 /* Theme.swift */,
			);
			path = Models;
			sourceTree = "<group>";
		};
		36A5CFBF29CFBF670024E2A0 /* Views */ = {
			isa = PBXGroup;
			children = (
			);
			path = Views;
			sourceTree = "<group>";
		};
		36A5CFD029CFE0AB0024E2A0 /* Resources */ = {
			isa = PBXGroup;
			children = (
				36A5CFD129CFE0B90024E2A0 /* ding.wav */,
			);
			path = Resources;
			sourceTree = "<group>";
		};
/* End PBXGroup section */

/* Begin PBXNativeTarget section */
		36A5CFA029CF9F2F0024E2A0 /* ScrumBuddy */ = {
			isa = PBXNativeTarget;
			buildConfigurationList = 36A5CFAF29CF9F300024E2A0 /* Build configuration list for PBXNativeTarget "ScrumBuddy" */;
			buildPhases = (
				36A5CF9D29CF9F2F0024E2A0 /* Sources */,
				36A5CF9E29CF9F2F0024E2A0 /* Frameworks */,
				36A5CF9F29CF9F2F0024E2A0 /* Resources */,
			);
			buildRules = (
			);
			dependencies = (
			);
			name = ScrumBuddy;
			productName = ScrumBuddy;
			productReference = 36A5CFA129CF9F2F0024E2A0 /* ScrumBuddy.app */;
			productType = "com.apple.product-type.application";
		};
/* End PBXNativeTarget section */

/* Begin PBXProject section */
		36A5CF9929CF9F2F0024E2A0 /* Project object */ = {
			isa = PBXProject;
			attributes = {
				BuildIndependentTargetsInParallel = 1;
				LastSwiftUpdateCheck = 1430;
				LastUpgradeCheck = 1430;
				TargetAttributes = {
					36A5CFA029CF9F2F0024E2A0 = {
						CreatedOnToolsVersion = 14.3;
					};
				};
			};
			buildConfigurationList = 36A5CF9C29CF9F2F0024E2A0 /* Build configuration list for PBXProject "ScrumBuddy" */;
			compatibilityVersion = "Xcode 14.0";
			developmentRegion = en;
			hasScannedForEncodings = 0;
			knownRegions = (
				en,
				Base,
			);
			mainGroup = 36A5CF9829CF9F2F0024E2A0;
			productRefGroup = 36A5CFA229CF9F2F0024E2A0 /* Products */;
			projectDirPath = "";
			projectRoot = "";
			targets = (
				36A5CFA029CF9F2F0024E2A0 /* ScrumBuddy */,
			);
		};
/* End PBXProject section */

/* Begin PBXResourcesBuildPhase section */
		36A5CF9F29CF9F2F0024E2A0 /* Resources */ = {
			isa = PBXResourcesBuildPhase;
			buildActionMask = 2147483647;
			files = (
				36A5CFD229CFE0B90024E2A0 /* ding.wav in Resources */,
				36A5CFAC29CF9F300024E2A0 /* Preview Assets.xcassets in Resources */,
				36A5CFA929CF9F300024E2A0 /* Assets.xcassets in Resources */,
			);
			runOnlyForDeploymentPostprocessing = 0;
		};
/* End PBXResourcesBuildPhase section */

/* Begin PBXSourcesBuildPhase section */
		36A5CF9D29CF9F2F0024E2A0 /* Sources */ = {
			isa = PBXSourcesBuildPhase;
			buildActionMask = 2147483647;
			files = (
				36A5CFC529CFCD9D0024E2A0 /* ThemePicker.swift in Sources */,
				36A5CFC929CFD9840024E2A0 /* ScrumProgressViewStyle.swift in Sources */,
				36A5CFCD29CFDB2B0024E2A0 /* MeetingFooterView.swift in Sources */,
				36A5CFCB29CFDA1E0024E2A0 /* ScrumTimer.swift in Sources */,
				36A5CFB629CFA38C0024E2A0 /* DailyScrum.swift in Sources */,
				36A5CFBE29CFBED10024E2A0 /* DetailView.swift in Sources */,
				36A5CFC729CFD7E00024E2A0 /* MeetingHeaderView.swift in Sources */,
				36A5CFC129CFC64E0024E2A0 /* DetailEditView.swift in Sources */,
				36A5CFBA29CFA5D00024E2A0 /* TrailingIconLabelStyle.swift in Sources */,
				36A5CFB429CFA2A50024E2A0 /* Theme.swift in Sources */,
				36A5CFBC29CFB7E50024E2A0 /* ScrumsView.swift in Sources */,
				36A5CFA729CF9F2F0024E2A0 /* MeetingView.swift in Sources */,
				36A5CFA529CF9F2F0024E2A0 /* ScrumBuddyApp.swift in Sources */,
				36A5CFC329CFCCB30024E2A0 /* ThemeView.swift in Sources */,
				36A5CFB829CFA4550024E2A0 /* CardView.swift in Sources */,
				36A5CFCF29CFE0890024E2A0 /* AVPlayer+Ding.swift in Sources */,
			);
			runOnlyForDeploymentPostprocessing = 0;
		};
/* End PBXSourcesBuildPhase section */

/* Begin XCBuildConfiguration section */
		36A5CFAD29CF9F300024E2A0 /* Debug */ = {
			isa = XCBuildConfiguration;
			buildSettings = {
				ALWAYS_SEARCH_USER_PATHS = NO;
				CLANG_ANALYZER_NONNULL = YES;
				CLANG_ANALYZER_NUMBER_OBJECT_CONVERSION = YES_AGGRESSIVE;
				CLANG_CXX_LANGUAGE_STANDARD = "gnu++20";
				CLANG_ENABLE_MODULES = YES;
				CLANG_ENABLE_OBJC_ARC = YES;
				CLANG_ENABLE_OBJC_WEAK = YES;
				CLANG_WARN_BLOCK_CAPTURE_AUTORELEASING = YES;
				CLANG_WARN_BOOL_CONVERSION = YES;
				CLANG_WARN_COMMA = YES;
				CLANG_WARN_CONSTANT_CONVERSION = YES;
				CLANG_WARN_DEPRECATED_OBJC_IMPLEMENTATIONS = YES;
				CLANG_WARN_DIRECT_OBJC_ISA_USAGE = YES_ERROR;
				CLANG_WARN_DOCUMENTATION_COMMENTS = YES;
				CLANG_WARN_EMPTY_BODY = YES;
				CLANG_WARN_ENUM_CONVERSION = YES;
				CLANG_WARN_INFINITE_RECURSION = YES;
				CLANG_WARN_INT_CONVERSION = YES;
				CLANG_WARN_NON_LITERAL_NULL_CONVERSION = YES;
				CLANG_WARN_OBJC_IMPLICIT_RETAIN_SELF = YES;
				CLANG_WARN_OBJC_LITERAL_CONVERSION = YES;
				CLANG_WARN_OBJC_ROOT_CLASS = YES_ERROR;
				CLANG_WARN_QUOTED_INCLUDE_IN_FRAMEWORK_HEADER = YES;
				CLANG_WARN_RANGE_LOOP_ANALYSIS = YES;
				CLANG_WARN_STRICT_PROTOTYPES = YES;
				CLANG_WARN_SUSPICIOUS_MOVE = YES;
				CLANG_WARN_UNGUARDED_AVAILABILITY = YES_AGGRESSIVE;
				CLANG_WARN_UNREACHABLE_CODE = YES;
				CLANG_WARN__DUPLICATE_METHOD_MATCH = YES;
				COPY_PHASE_STRIP = NO;
				DEBUG_INFORMATION_FORMAT = dwarf;
				ENABLE_STRICT_OBJC_MSGSEND = YES;
				ENABLE_TESTABILITY = YES;
				GCC_C_LANGUAGE_STANDARD = gnu11;
				GCC_DYNAMIC_NO_PIC = NO;
				GCC_NO_COMMON_BLOCKS = YES;
				GCC_OPTIMIZATION_LEVEL = 0;
				GCC_PREPROCESSOR_DEFINITIONS = (
					"DEBUG=1",
					"$(inherited)",
				);
				GCC_WARN_64_TO_32_BIT_CONVERSION = YES;
				GCC_WARN_ABOUT_RETURN_TYPE = YES_ERROR;
				GCC_WARN_UNDECLARED_SELECTOR = YES;
				GCC_WARN_UNINITIALIZED_AUTOS = YES_AGGRESSIVE;
				GCC_WARN_UNUSED_FUNCTION = YES;
				GCC_WARN_UNUSED_VARIABLE = YES;
				IPHONEOS_DEPLOYMENT_TARGET = 16.4;
				MTL_ENABLE_DEBUG_INFO = INCLUDE_SOURCE;
				MTL_FAST_MATH = YES;
				ONLY_ACTIVE_ARCH = YES;
				SDKROOT = iphoneos;
				SWIFT_ACTIVE_COMPILATION_CONDITIONS = DEBUG;
				SWIFT_OPTIMIZATION_LEVEL = "-Onone";
			};
			name = Debug;
		};
		36A5CFAE29CF9F300024E2A0 /* Release */ = {
			isa = XCBuildConfiguration;
			buildSettings = {
				ALWAYS_SEARCH_USER_PATHS = NO;
				CLANG_ANALYZER_NONNULL = YES;
				CLANG_ANALYZER_NUMBER_OBJECT_CONVERSION = YES_AGGRESSIVE;
				CLANG_CXX_LANGUAGE_STANDARD = "gnu++20";
				CLANG_ENABLE_MODULES = YES;
				CLANG_ENABLE_OBJC_ARC = YES;
				CLANG_ENABLE_OBJC_WEAK = YES;
				CLANG_WARN_BLOCK_CAPTURE_AUTORELEASING = YES;
				CLANG_WARN_BOOL_CONVERSION = YES;
				CLANG_WARN_COMMA = YES;
				CLANG_WARN_CONSTANT_CONVERSION = YES;
				CLANG_WARN_DEPRECATED_OBJC_IMPLEMENTATIONS = YES;
				CLANG_WARN_DIRECT_OBJC_ISA_USAGE = YES_ERROR;
				CLANG_WARN_DOCUMENTATION_COMMENTS = YES;
				CLANG_WARN_EMPTY_BODY = YES;
				CLANG_WARN_ENUM_CONVERSION = YES;
				CLANG_WARN_INFINITE_RECURSION = YES;
				CLANG_WARN_INT_CONVERSION = YES;
				CLANG_WARN_NON_LITERAL_NULL_CONVERSION = YES;
				CLANG_WARN_OBJC_IMPLICIT_RETAIN_SELF = YES;
				CLANG_WARN_OBJC_LITERAL_CONVERSION = YES;
				CLANG_WARN_OBJC_ROOT_CLASS = YES_ERROR;
				CLANG_WARN_QUOTED_INCLUDE_IN_FRAMEWORK_HEADER = YES;
				CLANG_WARN_RANGE_LOOP_ANALYSIS = YES;
				CLANG_WARN_STRICT_PROTOTYPES = YES;
				CLANG_WARN_SUSPICIOUS_MOVE = YES;
				CLANG_WARN_UNGUARDED_AVAILABILITY = YES_AGGRESSIVE;
				CLANG_WARN_UNREACHABLE_CODE = YES;
				CLANG_WARN__DUPLICATE_METHOD_MATCH = YES;
				COPY_PHASE_STRIP = NO;
				DEBUG_INFORMATION_FORMAT = "dwarf-with-dsym";
				ENABLE_NS_ASSERTIONS = NO;
				ENABLE_STRICT_OBJC_MSGSEND = YES;
				GCC_C_LANGUAGE_STANDARD = gnu11;
				GCC_NO_COMMON_BLOCKS = YES;
				GCC_WARN_64_TO_32_BIT_CONVERSION = YES;
				GCC_WARN_ABOUT_RETURN_TYPE = YES_ERROR;
				GCC_WARN_UNDECLARED_SELECTOR = YES;
				GCC_WARN_UNINITIALIZED_AUTOS = YES_AGGRESSIVE;
				GCC_WARN_UNUSED_FUNCTION = YES;
				GCC_WARN_UNUSED_VARIABLE = YES;
				IPHONEOS_DEPLOYMENT_TARGET = 16.4;
				MTL_ENABLE_DEBUG_INFO = NO;
				MTL_FAST_MATH = YES;
				SDKROOT = iphoneos;
				SWIFT_COMPILATION_MODE = wholemodule;
				SWIFT_OPTIMIZATION_LEVEL = "-O";
				VALIDATE_PRODUCT = YES;
			};
			name = Release;
		};
		36A5CFB029CF9F300024E2A0 /* Debug */ = {
			isa = XCBuildConfiguration;
			buildSettings = {
				ASSETCATALOG_COMPILER_APPICON_NAME = AppIcon;
				ASSETCATALOG_COMPILER_GLOBAL_ACCENT_COLOR_NAME = AccentColor;
				CODE_SIGN_STYLE = Automatic;
				CURRENT_PROJECT_VERSION = 1;
				DEVELOPMENT_ASSET_PATHS = "\"ScrumBuddy/Preview Content\"";
				DEVELOPMENT_TEAM = 99ZUCD4A48;
				ENABLE_PREVIEWS = YES;
				GENERATE_INFOPLIST_FILE = YES;
				INFOPLIST_KEY_UIApplicationSceneManifest_Generation = YES;
				INFOPLIST_KEY_UIApplicationSupportsIndirectInputEvents = YES;
				INFOPLIST_KEY_UILaunchScreen_Generation = YES;
				INFOPLIST_KEY_UISupportedInterfaceOrientations_iPad = "UIInterfaceOrientationPortrait UIInterfaceOrientationPortraitUpsideDown UIInterfaceOrientationLandscapeLeft UIInterfaceOrientationLandscapeRight";
				INFOPLIST_KEY_UISupportedInterfaceOrientations_iPhone = "UIInterfaceOrientationPortrait UIInterfaceOrientationLandscapeLeft UIInterfaceOrientationLandscapeRight";
				LD_RUNPATH_SEARCH_PATHS = (
					"$(inherited)",
					"@executable_path/Frameworks",
				);
				MARKETING_VERSION = 1.0;
				PRODUCT_BUNDLE_IDENTIFIER = com.dancoworldwide.ScrumBuddy;
				PRODUCT_NAME = "$(TARGET_NAME)";
				SWIFT_EMIT_LOC_STRINGS = YES;
				SWIFT_VERSION = 5.0;
				TARGETED_DEVICE_FAMILY = "1,2";
			};
			name = Debug;
		};
		36A5CFB129CF9F300024E2A0 /* Release */ = {
			isa = XCBuildConfiguration;
			buildSettings = {
				ASSETCATALOG_COMPILER_APPICON_NAME = AppIcon;
				ASSETCATALOG_COMPILER_GLOBAL_ACCENT_COLOR_NAME = AccentColor;
				CODE_SIGN_STYLE = Automatic;
				CURRENT_PROJECT_VERSION = 1;
				DEVELOPMENT_ASSET_PATHS = "\"ScrumBuddy/Preview Content\"";
				DEVELOPMENT_TEAM = 99ZUCD4A48;
				ENABLE_PREVIEWS = YES;
				GENERATE_INFOPLIST_FILE = YES;
				INFOPLIST_KEY_UIApplicationSceneManifest_Generation = YES;
				INFOPLIST_KEY_UIApplicationSupportsIndirectInputEvents = YES;
				INFOPLIST_KEY_UILaunchScreen_Generation = YES;
				INFOPLIST_KEY_UISupportedInterfaceOrientations_iPad = "UIInterfaceOrientationPortrait UIInterfaceOrientationPortraitUpsideDown UIInterfaceOrientationLandscapeLeft UIInterfaceOrientationLandscapeRight";
				INFOPLIST_KEY_UISupportedInterfaceOrientations_iPhone = "UIInterfaceOrientationPortrait UIInterfaceOrientationLandscapeLeft UIInterfaceOrientationLandscapeRight";
				LD_RUNPATH_SEARCH_PATHS = (
					"$(inherited)",
					"@executable_path/Frameworks",
				);
				MARKETING_VERSION = 1.0;
				PRODUCT_BUNDLE_IDENTIFIER = com.dancoworldwide.ScrumBuddy;
				PRODUCT_NAME = "$(TARGET_NAME)";
				SWIFT_EMIT_LOC_STRINGS = YES;
				SWIFT_VERSION = 5.0;
				TARGETED_DEVICE_FAMILY = "1,2";
			};
			name = Release;
		};
/* End XCBuildConfiguration section */

/* Begin XCConfigurationList section */
		36A5CF9C29CF9F2F0024E2A0 /* Build configuration list for PBXProject "ScrumBuddy" */ = {
			isa = XCConfigurationList;
			buildConfigurations = (
				36A5CFAD29CF9F300024E2A0 /* Debug */,
				36A5CFAE29CF9F300024E2A0 /* Release */,
			);
			defaultConfigurationIsVisible = 0;
			defaultConfigurationName = Release;
		};
		36A5CFAF29CF9F300024E2A0 /* Build configuration list for PBXNativeTarget "ScrumBuddy" */ = {
			isa = XCConfigurationList;
			buildConfigurations = (
				36A5CFB029CF9F300024E2A0 /* Debug */,
				36A5CFB129CF9F300024E2A0 /* Release */,
			);
			defaultConfigurationIsVisible = 0;
			defaultConfigurationName = Release;
		};
/* End XCConfigurationList section */
	};
	rootObject = 36A5CF9929CF9F2F0024E2A0 /* Project object */;
}
